{
  "name": "proof-of-reserves-merkle-tree",
  "version": "0.0.2",
  "lockfileVersion": 2,
  "requires": true,
  "packages": {
    "": {
      "name": "proof-of-reserves-merkle-tree",
      "version": "0.0.2",
      "license": "GPLv3",
      "dependencies": {
        "big.js": "^6.1.1",
        "commander": "^8.1.0",
        "merkletreejs": "^0.1.7",
        "microjob": "^0.7.0"
      }
    },
    "node_modules/big.js": {
      "version": "6.1.1",
      "resolved": "https://registry.npmjs.org/big.js/-/big.js-6.1.1.tgz",
      "integrity": "sha512-1vObw81a8ylZO5ePrtMay0n018TcftpTA5HFKDaSuiUDBo8biRBtjIobw60OpwuvrGk+FsxKamqN4cnmj/eXdg==",
      "engines": {
        "node": "*"
      },
      "funding": {
        "type": "opencollective",
        "url": "https://opencollective.com/bigjs"
      }
    },
    "node_modules/buffer-reverse": {
      "version": "1.0.1",
      "resolved": "https://registry.npmjs.org/buffer-reverse/-/buffer-reverse-1.0.1.tgz",
      "integrity": "sha1-SSg8jvpvkBvAH6MwTQYCeXGuL2A="
    },
    "node_modules/commander": {
      "version": "8.1.0",
      "resolved": "https://registry.npmjs.org/commander/-/commander-8.1.0.tgz",
      "integrity": "sha512-mf45ldcuHSYShkplHHGKWb4TrmwQadxOn7v4WuhDJy0ZVoY5JFajaRDKD0PNe5qXzBX0rhovjTnP6Kz9LETcuA==",
      "engines": {
        "node": ">= 12"
      }
    },
    "node_modules/crypto-js": {
      "version": "3.3.0",
      "resolved": "https://registry.npmjs.org/crypto-js/-/crypto-js-3.3.0.tgz",
      "integrity": "sha512-DIT51nX0dCfKltpRiXV+/TVZq+Qq2NgF4644+K7Ttnla7zEzqc+kjJyiB96BHNyUTBxyjzRcZYpUdZa+QAqi6Q=="
    },
    "node_modules/is-buffer": {
      "version": "2.0.5",
      "resolved": "https://registry.npmjs.org/is-buffer/-/is-buffer-2.0.5.tgz",
      "integrity": "sha512-i2R6zNFDwgEHJyQUtJEk0XFi1i0dPFn/oqjK3/vPCcDeJvW5NQ83V8QbicfF1SupOaB0h8ntgBC2YiE7dfyctQ==",
      "funding": [
        {
          "type": "github",
          "url": "https://github.com/sponsors/feross"
        },
        {
          "type": "patreon",
          "url": "https://www.patreon.com/feross"
        },
        {
          "type": "consulting",
          "url": "https://feross.org/support"
        }
      ],
      "engines": {
        "node": ">=4"
      }
    },
    "node_modules/merkle-lib": {
      "version": "2.0.10",
      "resolved": "https://registry.npmjs.org/merkle-lib/-/merkle-lib-2.0.10.tgz",
      "integrity": "sha1-grjbrnXieneFOItz+ddyXQ9vMyY="
    },
    "node_modules/merkletreejs": {
      "version": "0.1.11",
      "resolved": "https://registry.npmjs.org/merkletreejs/-/merkletreejs-0.1.11.tgz",
      "integrity": "sha512-nJN3VIHeIAyB/PjO5Dj/Y0SEK7CGCCLD2IbV4el2kUIwlOtX3GOr5MwVO4EU+0AXvoDnJ0nmaLe5O86uIjWz/Q==",
      "dependencies": {
        "buffer-reverse": "^1.0.1",
        "crypto-js": "^3.1.9-1",
        "is-buffer": "^2.0.3",
        "merkle-lib": "^2.0.10",
        "treeify": "^1.1.0"
      },
      "engines": {
        "node": ">= 7.6.0"
      }
    },
    "node_modules/microjob": {
      "version": "0.7.0",
      "resolved": "https://registry.npmjs.org/microjob/-/microjob-0.7.0.tgz",
      "integrity": "sha512-ofDpqaVEv67ymCYdCE8eIVMCJY0H/hAtGxYmi1pXjtNkLOM0UUuUDshA1YLdVFwPwwt5+SW9EbBtSfsNokf+PA==",
      "engines": {
        "node": ">=10.5.0",
        "npm": ">= 6.0.0"
      }
    },
    "node_modules/treeify": {
      "version": "1.1.0",
      "resolved": "https://registry.npmjs.org/treeify/-/treeify-1.1.0.tgz",
      "integrity": "sha512-1m4RA7xVAJrSGrrXGs0L3YTwyvBs2S8PbRHaLZAkFw7JR8oIFwYtysxlBZhYIa7xSyiYJKZ3iGrrk55cGA3i9A==",
      "engines": {
        "node": ">=0.6"
      }
    }
  },
  "dependencies": {
    "big.js": {
      "version": "6.1.1",
      "resolved": "https://registry.npmjs.org/big.js/-/big.js-6.1.1.tgz",
      "integrity": "sha512-1vObw81a8ylZO5ePrtMay0n018TcftpTA5HFKDaSuiUDBo8biRBtjIobw60OpwuvrGk+FsxKamqN4cnmj/eXdg=="
    },
    "buffer-reverse": {
      "version": "1.0.1",
      "resolved": "https://registry.npmjs.org/buffer-reverse/-/buffer-reverse-1.0.1.tgz",
      "integrity": "sha1-SSg8jvpvkBvAH6MwTQYCeXGuL2A="
    },
    "commander": {
      "version": "8.1.0",
      "resolved": "https://registry.npmjs.org/commander/-/commander-8.1.0.tgz",
      "integrity": "sha512-mf45ldcuHSYShkplHHGKWb4TrmwQadxOn7v4WuhDJy0ZVoY5JFajaRDKD0PNe5qXzBX0rhovjTnP6Kz9LETcuA=="
    },
    "crypto-js": {
      "version": "3.3.0",
      "resolved": "https://registry.npmjs.org/crypto-js/-/crypto-js-3.3.0.tgz",
      "integrity": "sha512-DIT51nX0dCfKltpRiXV+/TVZq+Qq2NgF4644+K7Ttnla7zEzqc+kjJyiB96BHNyUTBxyjzRcZYpUdZa+QAqi6Q=="
    },
    "is-buffer": {
      "version": "2.0.5",
      "resolved": "https://registry.npmjs.org/is-buffer/-/is-buffer-2.0.5.tgz",
      "integrity": "sha512-i2R6zNFDwgEHJyQUtJEk0XFi1i0dPFn/oqjK3/vPCcDeJvW5NQ83V8QbicfF1SupOaB0h8ntgBC2YiE7dfyctQ=="
    },
    "merkle-lib": {
      "version": "2.0.10",
      "resolved": "https://registry.npmjs.org/merkle-lib/-/merkle-lib-2.0.10.tgz",
      "integrity": "sha1-grjbrnXieneFOItz+ddyXQ9vMyY="
    },
    "merkletreejs": {
      "version": "0.1.11",
      "resolved": "https://registry.npmjs.org/merkletreejs/-/merkletreejs-0.1.11.tgz",
      "integrity": "sha512-nJN3VIHeIAyB/PjO5Dj/Y0SEK7CGCCLD2IbV4el2kUIwlOtX3GOr5MwVO4EU+0AXvoDnJ0nmaLe5O86uIjWz/Q==",
      "requires": {
        "buffer-reverse": "^1.0.1",
        "crypto-js": "^3.1.9-1",
        "is-buffer": "^2.0.3",
        "merkle-lib": "^2.0.10",
        "treeify": "^1.1.0"
      }
    },
    "microjob": {
      "version": "0.7.0",
      "resolved": "https://registry.npmjs.org/microjob/-/microjob-0.7.0.tgz",
      "integrity": "sha512-ofDpqaVEv67ymCYdCE8eIVMCJY0H/hAtGxYmi1pXjtNkLOM0UUuUDshA1YLdVFwPwwt5+SW9EbBtSfsNokf+PA=="
    },
    "treeify": {
      "version": "1.1.0",
      "resolved": "https://registry.npmjs.org/treeify/-/treeify-1.1.0.tgz",
      "integrity": "sha512-1m4RA7xVAJrSGrrXGs0L3YTwyvBs2S8PbRHaLZAkFw7JR8oIFwYtysxlBZhYIa7xSyiYJKZ3iGrrk55cGA3i9A=="
    }
  }
}
